// !$*UTF8*$!
{
	archiveVersion = 1;
	classes = {
	};
	objectVersion = 77;
	objects = {

/* Begin PBXBuildFile section */
		00E036E02BB5E717D80E171E /* FirebaseService.swift in Sources */ = {isa = PBXBuildFile; fileRef = 3D265CE88892AB5AFDEA86F9 /* FirebaseService.swift */; };
		09A08C38D1B941DDB0622543 /* Preview Assets.xcassets in Resources */ = {isa = PBXBuildFile; fileRef = DB9506A7C815DE0EB0FB83C9 /* Preview Assets.xcassets */; };
		0DDA33E26392ACE70A0FE697 /* PaywallView.swift in Sources */ = {isa = PBXBuildFile; fileRef = B567E5B617EDD122C686A475 /* PaywallView.swift */; };
		0E1E48F8A75ED22AFBD2DDF1 /* SearchHistoryManager.swift in Sources */ = {isa = PBXBuildFile; fileRef = 3455E4E8589C12AF42460E82 /* SearchHistoryManager.swift */; };
		13C39A1BC7014E151723712E /* CardViewModel.swift in Sources */ = {isa = PBXBuildFile; fileRef = BF0823AFFE4E9FBE74563F3E /* CardViewModel.swift */; };
		160C037F88875B404C343E9C /* FirebaseAuth in Frameworks */ = {isa = PBXBuildFile; productRef = 326A885767D2D9E8B8013E67 /* FirebaseAuth */; };
		24809EE282B8FE664F95D935 /* MainTabView.swift in Sources */ = {isa = PBXBuildFile; fileRef = A189D557F3089F8D0C823484 /* MainTabView.swift */; };
		2B4C44B6C8E5CDDE2911D32F /* NotificationService.swift in Sources */ = {isa = PBXBuildFile; fileRef = 88967CA0E3EC808053EC8C13 /* NotificationService.swift */; };
		354590EE357558D7AA21475F /* LaunchScreen.swift in Sources */ = {isa = PBXBuildFile; fileRef = AAEAA2FE7812B480AD349838 /* LaunchScreen.swift */; };
		36F9D275A40043ECACDBDF5C /* OnboardingView.swift in Sources */ = {isa = PBXBuildFile; fileRef = B7ABBA3126974600CAF8FE3D /* OnboardingView.swift */; };
		376597F18F3F12A94DE614AB /* LinkBankView.swift in Sources */ = {isa = PBXBuildFile; fileRef = 3103655286D9DD1AFD0A87F3 /* LinkBankView.swift */; };
		37C6ABF567AF601DAE9B1938 /* SmartCardApp.swift in Sources */ = {isa = PBXBuildFile; fileRef = 3509FA7389B840C7B9823B37 /* SmartCardApp.swift */; };
		37F060CE81180C8FD55F067C /* SubscriptionGateTests.swift in Sources */ = {isa = PBXBuildFile; fileRef = 70D493DF557267B9E5257F4F /* SubscriptionGateTests.swift */; };
		38BEE9414303E9EE441124AE /* LegalView.swift in Sources */ = {isa = PBXBuildFile; fileRef = ECF9E0F2DDA5D18D4223682F /* LegalView.swift */; };
		3DD3549AB6F01633FE29AE31 /* CardListView.swift in Sources */ = {isa = PBXBuildFile; fileRef = 574C8F0C0EF9D69F279A9C21 /* CardListView.swift */; };
		438A48DD9BBF036C3E2FB5D9 /* NetworkSecurity.swift in Sources */ = {isa = PBXBuildFile; fileRef = 1A6D31B24D41B8F101CBBD6A /* NetworkSecurity.swift */; };
		4CF23666A64FA09C85522AEB /* MerchantDatabaseTests.swift in Sources */ = {isa = PBXBuildFile; fileRef = 278F1DBE7F66C73D2E916CE2 /* MerchantDatabaseTests.swift */; };
		54A7B0DF49066B808B41FC04 /* SubscriptionGate.swift in Sources */ = {isa = PBXBuildFile; fileRef = B6646D9A1EB610F05E19B9B8 /* SubscriptionGate.swift */; };
		5595C35FF7A2FCA0BE04EC77 /* CreditCard.swift in Sources */ = {isa = PBXBuildFile; fileRef = 79D230DF77D300A295722924 /* CreditCard.swift */; };
		5F852D7BE1EF6C62405E9813 /* PlaidService.swift in Sources */ = {isa = PBXBuildFile; fileRef = C0A818BA2446BD9B0EE5F601 /* PlaidService.swift */; };
		655132BC2F15BAD176359A2B /* WidgetDataManager.swift in Sources */ = {isa = PBXBuildFile; fileRef = 83AE4572D947FAB0AFEE4CFD /* WidgetDataManager.swift */; };
		6804C28D5BE709702653B0A1 /* ScanReceiptView.swift in Sources */ = {isa = PBXBuildFile; fileRef = C24C3B666323F10D49DDBC13 /* ScanReceiptView.swift */; };
		6933FE45C275CE325547AA05 /* SpendingViewModel.swift in Sources */ = {isa = PBXBuildFile; fileRef = D9ED3146AA188C1A07878A4E /* SpendingViewModel.swift */; };
		6EF64CF1F2B86D9170E9FEF9 /* FirebaseFirestore in Frameworks */ = {isa = PBXBuildFile; productRef = E9623675D1ED01D5B7E28922 /* FirebaseFirestore */; };
		7307B29F0BD47B9A03780F23 /* GoogleService-Info.plist in Resources */ = {isa = PBXBuildFile; fileRef = CFD80CDD2A3F101C118E4C44 /* GoogleService-Info.plist */; };
		7771BF401216915ECF2D4359 /* MockData.swift in Sources */ = {isa = PBXBuildFile; fileRef = 85F70B182C8C39B74C043557 /* MockData.swift */; };
		7DAF4F9A1A00D54C4805B02F /* SubscriptionManager.swift in Sources */ = {isa = PBXBuildFile; fileRef = AA2F1B895146D82EF9CEA099 /* SubscriptionManager.swift */; };
		96097DFE70C1AF0DD7723864 /* SpendingListView.swift in Sources */ = {isa = PBXBuildFile; fileRef = 80CCEC9D22FDCAFE3BF74E86 /* SpendingListView.swift */; };
		AE901A4DFF63DC0C0C3ABAB5 /* AuthService.swift in Sources */ = {isa = PBXBuildFile; fileRef = 635E93E2D0447552F07100B4 /* AuthService.swift */; };
		B169ABE794D41244B75A2775 /* SearchHistoryManagerTests.swift in Sources */ = {isa = PBXBuildFile; fileRef = BFA93524F565A0FCF97AA79F /* SearchHistoryManagerTests.swift */; };
		B2E78D54D65848FFCC161D6A /* SpendingCategory.swift in Sources */ = {isa = PBXBuildFile; fileRef = 4A677588886B73B2EC02694B /* SpendingCategory.swift */; };
		B818421D7292CCC171CB695E /* SpendingCapTracker.swift in Sources */ = {isa = PBXBuildFile; fileRef = F18B4A93022E1569C3673CA8 /* SpendingCapTracker.swift */; };
		B85771C370732E920C46A53A /* ModelTests.swift in Sources */ = {isa = PBXBuildFile; fileRef = 860C20EE17308D0170F10BFF /* ModelTests.swift */; };
		BEDDBE09C12D2A6E92833634 /* Spending.swift in Sources */ = {isa = PBXBuildFile; fileRef = 2030F596A73AAF2671C89E7C /* Spending.swift */; };
		C17BFC186245F6363D818190 /* Assets.xcassets in Resources */ = {isa = PBXBuildFile; fileRef = 951760E33EB3D7F4011CDF59 /* Assets.xcassets */; };
		C2F111738A6C55A4CF42212F /* AuthView.swift in Sources */ = {isa = PBXBuildFile; fileRef = 6AC63CABFD3FB64F27987EC6 /* AuthView.swift */; };
		CD7CD2A13F253767A24E9D22 /* RecommendationEngine.swift in Sources */ = {isa = PBXBuildFile; fileRef = FD781E9D4D2F154EE236AE29 /* RecommendationEngine.swift */; };
		D09BC15B4B41F83D5EBD5D69 /* Extensions.swift in Sources */ = {isa = PBXBuildFile; fileRef = 5CD9B608F6F8B84BAA9BAB40 /* Extensions.swift */; };
		D105E9C099E3EA34368B2424 /* SpendingChartsView.swift in Sources */ = {isa = PBXBuildFile; fileRef = D234424F8E8D5656CFA75698 /* SpendingChartsView.swift */; };
		D274E62C1B125FF3B7BF9F6C /* LinkKit in Frameworks */ = {isa = PBXBuildFile; productRef = E5D0D881F03EA7066DB5E21D /* LinkKit */; };
		D49E84405EB3D6E3D934B119 /* RecommendationEngineTests.swift in Sources */ = {isa = PBXBuildFile; fileRef = 714F8C157D16A6AADC3BE766 /* RecommendationEngineTests.swift */; };
		DB0EFA9D5E6BC26A0BE01574 /* SettingsView.swift in Sources */ = {isa = PBXBuildFile; fileRef = 8B90AD9987F00FB94E8BC708 /* SettingsView.swift */; };
		DD1AB5D52FF3D0E086C8A07A /* OCRService.swift in Sources */ = {isa = PBXBuildFile; fileRef = 0253BB7E9C67F1E1078788E6 /* OCRService.swift */; };
		E849A52981DF076EDA750CA7 /* Merchant.swift in Sources */ = {isa = PBXBuildFile; fileRef = E09C9FE5C8D3104317C4E5E9 /* Merchant.swift */; };
		EF1C9C4F77680B2FA70B31B1 /* HomeView.swift in Sources */ = {isa = PBXBuildFile; fileRef = FBAA7CDDAAA4D57A0242B3FB /* HomeView.swift */; };
		F5F9C82D41288A4F579E2772 /* KeychainHelper.swift in Sources */ = {isa = PBXBuildFile; fileRef = BD643500C329C082F97012C5 /* KeychainHelper.swift */; };
		F9937C999A25E640C4ACF9B3 /* CacheManager.swift in Sources */ = {isa = PBXBuildFile; fileRef = 87F2DD28694EA11AC875C407 /* CacheManager.swift */; };
		FFD8DD94CE11D05196AD52CB /* RecommendView.swift in Sources */ = {isa = PBXBuildFile; fileRef = 4C2E41D41B69F930C795146A /* RecommendView.swift */; };
/* End PBXBuildFile section */

/* Begin PBXContainerItemProxy section */
		DA5A206DDE25239796E6D437 /* PBXContainerItemProxy */ = {
			isa = PBXContainerItemProxy;
			containerPortal = 56581228AC194D0AA388D4F1 /* Project object */;
			proxyType = 1;
			remoteGlobalIDString = 9A0C74C0EE43F7BB7846736C;
			remoteInfo = SmartCard;
		};
/* End PBXContainerItemProxy section */

/* Begin PBXFileReference section */
		0253BB7E9C67F1E1078788E6 /* OCRService.swift */ = {isa = PBXFileReference; lastKnownFileType = sourcecode.swift; path = OCRService.swift; sourceTree = "<group>"; };
		1A6D31B24D41B8F101CBBD6A /* NetworkSecurity.swift */ = {isa = PBXFileReference; lastKnownFileType = sourcecode.swift; path = NetworkSecurity.swift; sourceTree = "<group>"; };
		2030F596A73AAF2671C89E7C /* Spending.swift */ = {isa = PBXFileReference; lastKnownFileType = sourcecode.swift; path = Spending.swift; sourceTree = "<group>"; };
		278F1DBE7F66C73D2E916CE2 /* MerchantDatabaseTests.swift */ = {isa = PBXFileReference; lastKnownFileType = sourcecode.swift; path = MerchantDatabaseTests.swift; sourceTree = "<group>"; };
		3103655286D9DD1AFD0A87F3 /* LinkBankView.swift */ = {isa = PBXFileReference; lastKnownFileType = sourcecode.swift; path = LinkBankView.swift; sourceTree = "<group>"; };
		3455E4E8589C12AF42460E82 /* SearchHistoryManager.swift */ = {isa = PBXFileReference; lastKnownFileType = sourcecode.swift; path = SearchHistoryManager.swift; sourceTree = "<group>"; };
		3509FA7389B840C7B9823B37 /* SmartCardApp.swift */ = {isa = PBXFileReference; lastKnownFileType = sourcecode.swift; path = SmartCardApp.swift; sourceTree = "<group>"; };
		3D265CE88892AB5AFDEA86F9 /* FirebaseService.swift */ = {isa = PBXFileReference; lastKnownFileType = sourcecode.swift; path = FirebaseService.swift; sourceTree = "<group>"; };
		4A677588886B73B2EC02694B /* SpendingCategory.swift */ = {isa = PBXFileReference; lastKnownFileType = sourcecode.swift; path = SpendingCategory.swift; sourceTree = "<group>"; };
		4C2E41D41B69F930C795146A /* RecommendView.swift */ = {isa = PBXFileReference; lastKnownFileType = sourcecode.swift; path = RecommendView.swift; sourceTree = "<group>"; };
		4F8ACEDE5A6C97CAE7DFF933 /* Info.plist */ = {isa = PBXFileReference; lastKnownFileType = text.plist; path = Info.plist; sourceTree = "<group>"; };
		574C8F0C0EF9D69F279A9C21 /* CardListView.swift */ = {isa = PBXFileReference; lastKnownFileType = sourcecode.swift; path = CardListView.swift; sourceTree = "<group>"; };
		5CD9B608F6F8B84BAA9BAB40 /* Extensions.swift */ = {isa = PBXFileReference; lastKnownFileType = sourcecode.swift; path = Extensions.swift; sourceTree = "<group>"; };
		635E93E2D0447552F07100B4 /* AuthService.swift */ = {isa = PBXFileReference; lastKnownFileType = sourcecode.swift; path = AuthService.swift; sourceTree = "<group>"; };
		67BFADACB2FB4BDD194B05C5 /* SmartCard.app */ = {isa = PBXFileReference; includeInIndex = 0; lastKnownFileType = wrapper.application; path = SmartCard.app; sourceTree = BUILT_PRODUCTS_DIR; };
		6AC63CABFD3FB64F27987EC6 /* AuthView.swift */ = {isa = PBXFileReference; lastKnownFileType = sourcecode.swift; path = AuthView.swift; sourceTree = "<group>"; };
		70D493DF557267B9E5257F4F /* SubscriptionGateTests.swift */ = {isa = PBXFileReference; lastKnownFileType = sourcecode.swift; path = SubscriptionGateTests.swift; sourceTree = "<group>"; };
		714F8C157D16A6AADC3BE766 /* RecommendationEngineTests.swift */ = {isa = PBXFileReference; lastKnownFileType = sourcecode.swift; path = RecommendationEngineTests.swift; sourceTree = "<group>"; };
		79D230DF77D300A295722924 /* CreditCard.swift */ = {isa = PBXFileReference; lastKnownFileType = sourcecode.swift; path = CreditCard.swift; sourceTree = "<group>"; };
		80CCEC9D22FDCAFE3BF74E86 /* SpendingListView.swift */ = {isa = PBXFileReference; lastKnownFileType = sourcecode.swift; path = SpendingListView.swift; sourceTree = "<group>"; };
		83AE4572D947FAB0AFEE4CFD /* WidgetDataManager.swift */ = {isa = PBXFileReference; lastKnownFileType = sourcecode.swift; path = WidgetDataManager.swift; sourceTree = "<group>"; };
		85F70B182C8C39B74C043557 /* MockData.swift */ = {isa = PBXFileReference; lastKnownFileType = sourcecode.swift; path = MockData.swift; sourceTree = "<group>"; };
		860C20EE17308D0170F10BFF /* ModelTests.swift */ = {isa = PBXFileReference; lastKnownFileType = sourcecode.swift; path = ModelTests.swift; sourceTree = "<group>"; };
		87F2DD28694EA11AC875C407 /* CacheManager.swift */ = {isa = PBXFileReference; lastKnownFileType = sourcecode.swift; path = CacheManager.swift; sourceTree = "<group>"; };
		8865B56E2F800187B340E4F2 /* SmartCard.entitlements */ = {isa = PBXFileReference; lastKnownFileType = text.plist.entitlements; path = SmartCard.entitlements; sourceTree = "<group>"; };
		88967CA0E3EC808053EC8C13 /* NotificationService.swift */ = {isa = PBXFileReference; lastKnownFileType = sourcecode.swift; path = NotificationService.swift; sourceTree = "<group>"; };
		8B90AD9987F00FB94E8BC708 /* SettingsView.swift */ = {isa = PBXFileReference; lastKnownFileType = sourcecode.swift; path = SettingsView.swift; sourceTree = "<group>"; };
		951760E33EB3D7F4011CDF59 /* Assets.xcassets */ = {isa = PBXFileReference; lastKnownFileType = folder.assetcatalog; path = Assets.xcassets; sourceTree = "<group>"; };
		A189D557F3089F8D0C823484 /* MainTabView.swift */ = {isa = PBXFileReference; lastKnownFileType = sourcecode.swift; path = MainTabView.swift; sourceTree = "<group>"; };
		AA2F1B895146D82EF9CEA099 /* SubscriptionManager.swift */ = {isa = PBXFileReference; lastKnownFileType = sourcecode.swift; path = SubscriptionManager.swift; sourceTree = "<group>"; };
		AAEAA2FE7812B480AD349838 /* LaunchScreen.swift */ = {isa = PBXFileReference; lastKnownFileType = sourcecode.swift; path = LaunchScreen.swift; sourceTree = "<group>"; };
		B567E5B617EDD122C686A475 /* PaywallView.swift */ = {isa = PBXFileReference; lastKnownFileType = sourcecode.swift; path = PaywallView.swift; sourceTree = "<group>"; };
		B6646D9A1EB610F05E19B9B8 /* SubscriptionGate.swift */ = {isa = PBXFileReference; lastKnownFileType = sourcecode.swift; path = SubscriptionGate.swift; sourceTree = "<group>"; };
		B7ABBA3126974600CAF8FE3D /* OnboardingView.swift */ = {isa = PBXFileReference; lastKnownFileType = sourcecode.swift; path = OnboardingView.swift; sourceTree = "<group>"; };
		BD643500C329C082F97012C5 /* KeychainHelper.swift */ = {isa = PBXFileReference; lastKnownFileType = sourcecode.swift; path = KeychainHelper.swift; sourceTree = "<group>"; };
		BF0823AFFE4E9FBE74563F3E /* CardViewModel.swift */ = {isa = PBXFileReference; lastKnownFileType = sourcecode.swift; path = CardViewModel.swift; sourceTree = "<group>"; };
		BFA93524F565A0FCF97AA79F /* SearchHistoryManagerTests.swift */ = {isa = PBXFileReference; lastKnownFileType = sourcecode.swift; path = SearchHistoryManagerTests.swift; sourceTree = "<group>"; };
		C0A818BA2446BD9B0EE5F601 /* PlaidService.swift */ = {isa = PBXFileReference; lastKnownFileType = sourcecode.swift; path = PlaidService.swift; sourceTree = "<group>"; };
		C24C3B666323F10D49DDBC13 /* ScanReceiptView.swift */ = {isa = PBXFileReference; lastKnownFileType = sourcecode.swift; path = ScanReceiptView.swift; sourceTree = "<group>"; };
		C8D6DFF907FBC7F2C723F4C8 /* SmartCardTests.xctest */ = {isa = PBXFileReference; includeInIndex = 0; lastKnownFileType = wrapper.cfbundle; path = SmartCardTests.xctest; sourceTree = BUILT_PRODUCTS_DIR; };
		CFD80CDD2A3F101C118E4C44 /* GoogleService-Info.plist */ = {isa = PBXFileReference; lastKnownFileType = text.plist; path = "GoogleService-Info.plist"; sourceTree = "<group>"; };
		D234424F8E8D5656CFA75698 /* SpendingChartsView.swift */ = {isa = PBXFileReference; lastKnownFileType = sourcecode.swift; path = SpendingChartsView.swift; sourceTree = "<group>"; };
		D9ED3146AA188C1A07878A4E /* SpendingViewModel.swift */ = {isa = PBXFileReference; lastKnownFileType = sourcecode.swift; path = SpendingViewModel.swift; sourceTree = "<group>"; };
		DB9506A7C815DE0EB0FB83C9 /* Preview Assets.xcassets */ = {isa = PBXFileReference; lastKnownFileType = folder.assetcatalog; path = "Preview Assets.xcassets"; sourceTree = "<group>"; };
		E09C9FE5C8D3104317C4E5E9 /* Merchant.swift */ = {isa = PBXFileReference; lastKnownFileType = sourcecode.swift; path = Merchant.swift; sourceTree = "<group>"; };
		ECF9E0F2DDA5D18D4223682F /* LegalView.swift */ = {isa = PBXFileReference; lastKnownFileType = sourcecode.swift; path = LegalView.swift; sourceTree = "<group>"; };
		F18B4A93022E1569C3673CA8 /* SpendingCapTracker.swift */ = {isa = PBXFileReference; lastKnownFileType = sourcecode.swift; path = SpendingCapTracker.swift; sourceTree = "<group>"; };
		FBAA7CDDAAA4D57A0242B3FB /* HomeView.swift */ = {isa = PBXFileReference; lastKnownFileType = sourcecode.swift; path = HomeView.swift; sourceTree = "<group>"; };
		FD781E9D4D2F154EE236AE29 /* RecommendationEngine.swift */ = {isa = PBXFileReference; lastKnownFileType = sourcecode.swift; path = RecommendationEngine.swift; sourceTree = "<group>"; };
/* End PBXFileReference section */

/* Begin PBXFrameworksBuildPhase section */
		3DD65543946962238C4D5B29 /* Frameworks */ = {
			isa = PBXFrameworksBuildPhase;
			buildActionMask = 2147483647;
			files = (
				160C037F88875B404C343E9C /* FirebaseAuth in Frameworks */,
				6EF64CF1F2B86D9170E9FEF9 /* FirebaseFirestore in Frameworks */,
				D274E62C1B125FF3B7BF9F6C /* LinkKit in Frameworks */,
			);
			runOnlyForDeploymentPostprocessing = 0;
		};
/* End PBXFrameworksBuildPhase section */

/* Begin PBXGroup section */
		012E44D570B7B036DB4549AB = {
			isa = PBXGroup;
			children = (
				DDF88FE29A0DE0439A16D085 /* SmartCard */,
				32927C9B0739438E826BB76D /* SmartCardTests */,
				E8B1DED220F16A4222FBAA1C /* Products */,
			);
			sourceTree = "<group>";
		};
		057EC02063EF6263324E09BD /* Models */ = {
			isa = PBXGroup;
			children = (
				79D230DF77D300A295722924 /* CreditCard.swift */,
				E09C9FE5C8D3104317C4E5E9 /* Merchant.swift */,
				85F70B182C8C39B74C043557 /* MockData.swift */,
				2030F596A73AAF2671C89E7C /* Spending.swift */,
				4A677588886B73B2EC02694B /* SpendingCategory.swift */,
			);
			path = Models;
			sourceTree = "<group>";
		};
		16B4532C8BB5C071D75FBC52 /* Settings */ = {
			isa = PBXGroup;
			children = (
				ECF9E0F2DDA5D18D4223682F /* LegalView.swift */,
				3103655286D9DD1AFD0A87F3 /* LinkBankView.swift */,
				8B90AD9987F00FB94E8BC708 /* SettingsView.swift */,
			);
			path = Settings;
			sourceTree = "<group>";
		};
		32927C9B0739438E826BB76D /* SmartCardTests */ = {
			isa = PBXGroup;
			children = (
				278F1DBE7F66C73D2E916CE2 /* MerchantDatabaseTests.swift */,
				860C20EE17308D0170F10BFF /* ModelTests.swift */,
				714F8C157D16A6AADC3BE766 /* RecommendationEngineTests.swift */,
				BFA93524F565A0FCF97AA79F /* SearchHistoryManagerTests.swift */,
				70D493DF557267B9E5257F4F /* SubscriptionGateTests.swift */,
			);
			path = SmartCardTests;
			sourceTree = "<group>";
		};
		396B3BA3B0B380A8A6D61C93 /* Spending */ = {
			isa = PBXGroup;
			children = (
				C24C3B666323F10D49DDBC13 /* ScanReceiptView.swift */,
				D234424F8E8D5656CFA75698 /* SpendingChartsView.swift */,
				80CCEC9D22FDCAFE3BF74E86 /* SpendingListView.swift */,
			);
			path = Spending;
			sourceTree = "<group>";
		};
		3E5EF86E46437C4346655D51 /* Utils */ = {
			isa = PBXGroup;
			children = (
				5CD9B608F6F8B84BAA9BAB40 /* Extensions.swift */,
			);
			path = Utils;
			sourceTree = "<group>";
		};
		60E4DDB0CB1A20E2696E7098 /* ViewModels */ = {
			isa = PBXGroup;
			children = (
				BF0823AFFE4E9FBE74563F3E /* CardViewModel.swift */,
				D9ED3146AA188C1A07878A4E /* SpendingViewModel.swift */,
			);
			path = ViewModels;
			sourceTree = "<group>";
		};
		6AFA89211960A0FEF2C71E73 /* App */ = {
			isa = PBXGroup;
			children = (
				3509FA7389B840C7B9823B37 /* SmartCardApp.swift */,
			);
			path = App;
			sourceTree = "<group>";
		};
		7AF39ADC944EDBCBB30FA8E3 /* Onboarding */ = {
			isa = PBXGroup;
			children = (
				B7ABBA3126974600CAF8FE3D /* OnboardingView.swift */,
			);
			path = Onboarding;
			sourceTree = "<group>";
		};
		7C97ADF7B9F3838879B79F0E /* Home */ = {
			isa = PBXGroup;
			children = (
				FBAA7CDDAAA4D57A0242B3FB /* HomeView.swift */,
			);
			path = Home;
			sourceTree = "<group>";
		};
		918432F703C5588EF933BA20 /* Cards */ = {
			isa = PBXGroup;
			children = (
				574C8F0C0EF9D69F279A9C21 /* CardListView.swift */,
			);
			path = Cards;
			sourceTree = "<group>";
		};
		A58489183273677217DF6E9B /* Auth */ = {
			isa = PBXGroup;
			children = (
				6AC63CABFD3FB64F27987EC6 /* AuthView.swift */,
			);
			path = Auth;
			sourceTree = "<group>";
		};
		A5E055352DE51FE78DE8D9AE /* Views */ = {
			isa = PBXGroup;
			children = (
				AAEAA2FE7812B480AD349838 /* LaunchScreen.swift */,
				A189D557F3089F8D0C823484 /* MainTabView.swift */,
				A58489183273677217DF6E9B /* Auth */,
				918432F703C5588EF933BA20 /* Cards */,
				7C97ADF7B9F3838879B79F0E /* Home */,
				7AF39ADC944EDBCBB30FA8E3 /* Onboarding */,
				BAEF5F51912D65AF0043129D /* Paywall */,
				CA817D08A5CB32B7DFE6DAD8 /* Recommend */,
				16B4532C8BB5C071D75FBC52 /* Settings */,
				396B3BA3B0B380A8A6D61C93 /* Spending */,
			);
			path = Views;
			sourceTree = "<group>";
		};
		A5EC74CC62580FC2C87D94CD /* Preview Content */ = {
			isa = PBXGroup;
			children = (
				DB9506A7C815DE0EB0FB83C9 /* Preview Assets.xcassets */,
			);
			path = "Preview Content";
			sourceTree = "<group>";
		};
		BAEF5F51912D65AF0043129D /* Paywall */ = {
			isa = PBXGroup;
			children = (
				B567E5B617EDD122C686A475 /* PaywallView.swift */,
			);
			path = Paywall;
			sourceTree = "<group>";
		};
		BF0D0EC94448977DDE292288 /* Services */ = {
			isa = PBXGroup;
			children = (
				635E93E2D0447552F07100B4 /* AuthService.swift */,
				87F2DD28694EA11AC875C407 /* CacheManager.swift */,
				3D265CE88892AB5AFDEA86F9 /* FirebaseService.swift */,
				BD643500C329C082F97012C5 /* KeychainHelper.swift */,
				1A6D31B24D41B8F101CBBD6A /* NetworkSecurity.swift */,
				88967CA0E3EC808053EC8C13 /* NotificationService.swift */,
				0253BB7E9C67F1E1078788E6 /* OCRService.swift */,
				C0A818BA2446BD9B0EE5F601 /* PlaidService.swift */,
				FD781E9D4D2F154EE236AE29 /* RecommendationEngine.swift */,
				3455E4E8589C12AF42460E82 /* SearchHistoryManager.swift */,
				F18B4A93022E1569C3673CA8 /* SpendingCapTracker.swift */,
				B6646D9A1EB610F05E19B9B8 /* SubscriptionGate.swift */,
				AA2F1B895146D82EF9CEA099 /* SubscriptionManager.swift */,
				83AE4572D947FAB0AFEE4CFD /* WidgetDataManager.swift */,
			);
			path = Services;
			sourceTree = "<group>";
		};
		CA817D08A5CB32B7DFE6DAD8 /* Recommend */ = {
			isa = PBXGroup;
			children = (
				4C2E41D41B69F930C795146A /* RecommendView.swift */,
			);
			path = Recommend;
			sourceTree = "<group>";
		};
		DDF88FE29A0DE0439A16D085 /* SmartCard */ = {
			isa = PBXGroup;
			children = (
				CFD80CDD2A3F101C118E4C44 /* GoogleService-Info.plist */,
				4F8ACEDE5A6C97CAE7DFF933 /* Info.plist */,
				8865B56E2F800187B340E4F2 /* SmartCard.entitlements */,
				6AFA89211960A0FEF2C71E73 /* App */,
				057EC02063EF6263324E09BD /* Models */,
				E372F379C6E3FBB67B355BBE /* Resources */,
				BF0D0EC94448977DDE292288 /* Services */,
				3E5EF86E46437C4346655D51 /* Utils */,
				60E4DDB0CB1A20E2696E7098 /* ViewModels */,
				A5E055352DE51FE78DE8D9AE /* Views */,
			);
			path = SmartCard;
			sourceTree = "<group>";
		};
		E372F379C6E3FBB67B355BBE /* Resources */ = {
			isa = PBXGroup;
			children = (
				951760E33EB3D7F4011CDF59 /* Assets.xcassets */,
				A5EC74CC62580FC2C87D94CD /* Preview Content */,
			);
			path = Resources;
			sourceTree = "<group>";
		};
		E8B1DED220F16A4222FBAA1C /* Products */ = {
			isa = PBXGroup;
			children = (
				67BFADACB2FB4BDD194B05C5 /* SmartCard.app */,
				C8D6DFF907FBC7F2C723F4C8 /* SmartCardTests.xctest */,
			);
			name = Products;
			sourceTree = "<group>";
		};
/* End PBXGroup section */

/* Begin PBXNativeTarget section */
		8D439BE91604FEA61E042DC9 /* SmartCardTests */ = {
			isa = PBXNativeTarget;
			buildConfigurationList = 72D7CBEB3BCCDB719D4D1C04 /* Build configuration list for PBXNativeTarget "SmartCardTests" */;
			buildPhases = (
				479E230964E674EB85E47094 /* Sources */,
			);
			buildRules = (
			);
			dependencies = (
				3863BD07DE93E8D50CFAC005 /* PBXTargetDependency */,
			);
			name = SmartCardTests;
			packageProductDependencies = (
			);
			productName = SmartCardTests;
			productReference = C8D6DFF907FBC7F2C723F4C8 /* SmartCardTests.xctest */;
			productType = "com.apple.product-type.bundle.unit-test";
		};
		9A0C74C0EE43F7BB7846736C /* SmartCard */ = {
			isa = PBXNativeTarget;
			buildConfigurationList = 5EEF4FB01A9E22A2A91DBEDD /* Build configuration list for PBXNativeTarget "SmartCard" */;
			buildPhases = (
				394D1DF7CD3EC8152A6A7883 /* Sources */,
				DBFC4BF5C735769F59FA1511 /* Resources */,
				3DD65543946962238C4D5B29 /* Frameworks */,
			);
			buildRules = (
			);
			dependencies = (
			);
			name = SmartCard;
			packageProductDependencies = (
				326A885767D2D9E8B8013E67 /* FirebaseAuth */,
				E9623675D1ED01D5B7E28922 /* FirebaseFirestore */,
				E5D0D881F03EA7066DB5E21D /* LinkKit */,
			);
			productName = SmartCard;
			productReference = 67BFADACB2FB4BDD194B05C5 /* SmartCard.app */;
			productType = "com.apple.product-type.application";
		};
/* End PBXNativeTarget section */

/* Begin PBXProject section */
		56581228AC194D0AA388D4F1 /* Project object */ = {
			isa = PBXProject;
			attributes = {
				BuildIndependentTargetsInParallel = YES;
				LastUpgradeCheck = 1600;
				TargetAttributes = {
					8D439BE91604FEA61E042DC9 = {
						DevelopmentTeam = "";
					};
					9A0C74C0EE43F7BB7846736C = {
						DevelopmentTeam = "";
					};
				};
			};
			buildConfigurationList = 565377705734A822A7B9CD1A /* Build configuration list for PBXProject "SmartCard" */;
			developmentRegion = en;
			hasScannedForEncodings = 0;
			knownRegions = (
				Base,
				en,
			);
			mainGroup = 012E44D570B7B036DB4549AB;
			minimizedProjectReferenceProxies = 1;
			packageReferences = (
				B310ABF9E0AEE59DBD36ACF3 /* XCRemoteSwiftPackageReference "firebase-ios-sdk" */,
				1DAF090AE17C3878E33335E5 /* XCRemoteSwiftPackageReference "plaid-link-ios" */,
			);
			preferredProjectObjectVersion = 77;
			productRefGroup = E8B1DED220F16A4222FBAA1C /* Products */;
			projectDirPath = "";
			projectRoot = "";
			targets = (
				9A0C74C0EE43F7BB7846736C /* SmartCard */,
				8D439BE91604FEA61E042DC9 /* SmartCardTests */,
			);
		};
/* End PBXProject section */

/* Begin PBXResourcesBuildPhase section */
		DBFC4BF5C735769F59FA1511 /* Resources */ = {
			isa = PBXResourcesBuildPhase;
			buildActionMask = 2147483647;
			files = (
				C17BFC186245F6363D818190 /* Assets.xcassets in Resources */,
				7307B29F0BD47B9A03780F23 /* GoogleService-Info.plist in Resources */,
				09A08C38D1B941DDB0622543 /* Preview Assets.xcassets in Resources */,
			);
			runOnlyForDeploymentPostprocessing = 0;
		};
/* End PBXResourcesBuildPhase section */

/* Begin PBXSourcesBuildPhase section */
		394D1DF7CD3EC8152A6A7883 /* Sources */ = {
			isa = PBXSourcesBuildPhase;
			buildActionMask = 2147483647;
			files = (
				AE901A4DFF63DC0C0C3ABAB5 /* AuthService.swift in Sources */,
				C2F111738A6C55A4CF42212F /* AuthView.swift in Sources */,
				F9937C999A25E640C4ACF9B3 /* CacheManager.swift in Sources */,
				3DD3549AB6F01633FE29AE31 /* CardListView.swift in Sources */,
				13C39A1BC7014E151723712E /* CardViewModel.swift in Sources */,
				5595C35FF7A2FCA0BE04EC77 /* CreditCard.swift in Sources */,
				D09BC15B4B41F83D5EBD5D69 /* Extensions.swift in Sources */,
				00E036E02BB5E717D80E171E /* FirebaseService.swift in Sources */,
				EF1C9C4F77680B2FA70B31B1 /* HomeView.swift in Sources */,
				F5F9C82D41288A4F579E2772 /* KeychainHelper.swift in Sources */,
				354590EE357558D7AA21475F /* LaunchScreen.swift in Sources */,
				38BEE9414303E9EE441124AE /* LegalView.swift in Sources */,
				376597F18F3F12A94DE614AB /* LinkBankView.swift in Sources */,
				24809EE282B8FE664F95D935 /* MainTabView.swift in Sources */,
				E849A52981DF076EDA750CA7 /* Merchant.swift in Sources */,
				7771BF401216915ECF2D4359 /* MockData.swift in Sources */,
				438A48DD9BBF036C3E2FB5D9 /* NetworkSecurity.swift in Sources */,
				2B4C44B6C8E5CDDE2911D32F /* NotificationService.swift in Sources */,
				DD1AB5D52FF3D0E086C8A07A /* OCRService.swift in Sources */,
				36F9D275A40043ECACDBDF5C /* OnboardingView.swift in Sources */,
				0DDA33E26392ACE70A0FE697 /* PaywallView.swift in Sources */,
				5F852D7BE1EF6C62405E9813 /* PlaidService.swift in Sources */,
				FFD8DD94CE11D05196AD52CB /* RecommendView.swift in Sources */,
				CD7CD2A13F253767A24E9D22 /* RecommendationEngine.swift in Sources */,
				6804C28D5BE709702653B0A1 /* ScanReceiptView.swift in Sources */,
				0E1E48F8A75ED22AFBD2DDF1 /* SearchHistoryManager.swift in Sources */,
				DB0EFA9D5E6BC26A0BE01574 /* SettingsView.swift in Sources */,
				37C6ABF567AF601DAE9B1938 /* SmartCardApp.swift in Sources */,
				BEDDBE09C12D2A6E92833634 /* Spending.swift in Sources */,
				B818421D7292CCC171CB695E /* SpendingCapTracker.swift in Sources */,
				B2E78D54D65848FFCC161D6A /* SpendingCategory.swift in Sources */,
				D105E9C099E3EA34368B2424 /* SpendingChartsView.swift in Sources */,
				96097DFE70C1AF0DD7723864 /* SpendingListView.swift in Sources */,
				6933FE45C275CE325547AA05 /* SpendingViewModel.swift in Sources */,
				54A7B0DF49066B808B41FC04 /* SubscriptionGate.swift in Sources */,
				7DAF4F9A1A00D54C4805B02F /* SubscriptionManager.swift in Sources */,
				655132BC2F15BAD176359A2B /* WidgetDataManager.swift in Sources */,
			);
			runOnlyForDeploymentPostprocessing = 0;
		};
		479E230964E674EB85E47094 /* Sources */ = {
			isa = PBXSourcesBuildPhase;
			buildActionMask = 2147483647;
			files = (
				4CF23666A64FA09C85522AEB /* MerchantDatabaseTests.swift in Sources */,
				B85771C370732E920C46A53A /* ModelTests.swift in Sources */,
				D49E84405EB3D6E3D934B119 /* RecommendationEngineTests.swift in Sources */,
				B169ABE794D41244B75A2775 /* SearchHistoryManagerTests.swift in Sources */,
				37F060CE81180C8FD55F067C /* SubscriptionGateTests.swift in Sources */,
			);
			runOnlyForDeploymentPostprocessing = 0;
		};
/* End PBXSourcesBuildPhase section */

/* Begin PBXTargetDependency section */
		3863BD07DE93E8D50CFAC005 /* PBXTargetDependency */ = {
			isa = PBXTargetDependency;
			target = 9A0C74C0EE43F7BB7846736C /* SmartCard */;
			targetProxy = DA5A206DDE25239796E6D437 /* PBXContainerItemProxy */;
		};
/* End PBXTargetDependency section */

/* Begin XCBuildConfiguration section */
		263934A2D5D6C186A85F04C3 /* Debug */ = {
			isa = XCBuildConfiguration;
			buildSettings = {
				BUNDLE_LOADER = "$(TEST_HOST)";
				GENERATE_INFOPLIST_FILE = YES;
				LD_RUNPATH_SEARCH_PATHS = (
					"$(inherited)",
					"@executable_path/Frameworks",
					"@loader_path/Frameworks",
				);
				PRODUCT_BUNDLE_IDENTIFIER = com.smartcard.app.tests;
				SDKROOT = iphoneos;
				TARGETED_DEVICE_FAMILY = "1,2";
				TEST_HOST = "$(BUILT_PRODUCTS_DIR)/SmartCard.app/SmartCard";
			};
			name = Debug;
		};
		2E75A2DBDDE847963D6E2875 /* Release */ = {
			isa = XCBuildConfiguration;
			buildSettings = {
				BUNDLE_LOADER = "$(TEST_HOST)";
				GENERATE_INFOPLIST_FILE = YES;
				LD_RUNPATH_SEARCH_PATHS = (
					"$(inherited)",
					"@executable_path/Frameworks",
					"@loader_path/Frameworks",
				);
				PRODUCT_BUNDLE_IDENTIFIER = com.smartcard.app.tests;
				SDKROOT = iphoneos;
				TARGETED_DEVICE_FAMILY = "1,2";
				TEST_HOST = "$(BUILT_PRODUCTS_DIR)/SmartCard.app/SmartCard";
			};
			name = Release;
		};
		4507F83D7A74437A60559BB4 /* Debug */ = {
			isa = XCBuildConfiguration;
			buildSettings = {
				ASSETCATALOG_COMPILER_APPICON_NAME = AppIcon;
				CODE_SIGN_ENTITLEMENTS = SmartCard/SmartCard.entitlements;
				CODE_SIGN_IDENTITY = "iPhone Developer";
				CURRENT_PROJECT_VERSION = 1;
				GENERATE_INFOPLIST_FILE = YES;
				INFOPLIST_FILE = SmartCard/Info.plist;
				INFOPLIST_GENERATION_MODE = GeneratedFile;
				INFOPLIST_KEY_CFBundleDisplayName = SmartCard;
				INFOPLIST_KEY_LSApplicationCategoryType = "public.app-category.finance";
				INFOPLIST_KEY_NSCameraUsageDescription = "SmartCard uses the camera to scan receipts for quick transaction entry.";
				INFOPLIST_KEY_NSPhotoLibraryUsageDescription = "SmartCard accesses your photo library to import receipt images.";
				INFOPLIST_KEY_UIApplicationSceneManifest_Generation = YES;
				INFOPLIST_KEY_UIApplicationSupportsIndirectInputEvents = YES;
				INFOPLIST_KEY_UILaunchScreen_Generation = YES;
				INFOPLIST_KEY_UISupportedInterfaceOrientations_iPhone = UIInterfaceOrientationPortrait;
				LD_RUNPATH_SEARCH_PATHS = (
					"$(inherited)",
					"@executable_path/Frameworks",
				);
				MARKETING_VERSION = 1.0.0;
				PRODUCT_BUNDLE_IDENTIFIER = com.smartcard.app;
				SDKROOT = iphoneos;
				TARGETED_DEVICE_FAMILY = "1,2";
			};
			name = Debug;
		};
		4ACCADCAA6762018456FA63C /* Debug */ = {
			isa = XCBuildConfiguration;
			buildSettings = {
				ALWAYS_SEARCH_USER_PATHS = NO;
				CLANG_ANALYZER_NONNULL = YES;
				CLANG_ANALYZER_NUMBER_OBJECT_CONVERSION = YES_AGGRESSIVE;
				CLANG_CXX_LANGUAGE_STANDARD = "gnu++14";
				CLANG_CXX_LIBRARY = "libc++";
				CLANG_ENABLE_MODULES = YES;
				CLANG_ENABLE_OBJC_ARC = YES;
				CLANG_ENABLE_OBJC_WEAK = YES;
				CLANG_WARN_BLOCK_CAPTURE_AUTORELEASING = YES;
				CLANG_WARN_BOOL_CONVERSION = YES;
				CLANG_WARN_COMMA = YES;
				CLANG_WARN_CONSTANT_CONVERSION = YES;
				CLANG_WARN_DEPRECATED_OBJC_IMPLEMENTATIONS = YES;
				CLANG_WARN_DIRECT_OBJC_ISA_USAGE = YES_ERROR;
				CLANG_WARN_DOCUMENTATION_COMMENTS = YES;
				CLANG_WARN_EMPTY_BODY = YES;
				CLANG_WARN_ENUM_CONVERSION = YES;
				CLANG_WARN_INFINITE_RECURSION = YES;
				CLANG_WARN_INT_CONVERSION = YES;
				CLANG_WARN_NON_LITERAL_NULL_CONVERSION = YES;
				CLANG_WARN_OBJC_IMPLICIT_RETAIN_SELF = YES;
				CLANG_WARN_OBJC_LITERAL_CONVERSION = YES;
				CLANG_WARN_OBJC_ROOT_CLASS = YES_ERROR;
				CLANG_WARN_QUOTED_INCLUDE_IN_FRAMEWORK_HEADER = YES;
				CLANG_WARN_RANGE_LOOP_ANALYSIS = YES;
				CLANG_WARN_STRICT_PROTOTYPES = YES;
				CLANG_WARN_SUSPICIOUS_MOVE = YES;
				CLANG_WARN_UNGUARDED_AVAILABILITY = YES_AGGRESSIVE;
				CLANG_WARN_UNREACHABLE_CODE = YES;
				CLANG_WARN__DUPLICATE_METHOD_MATCH = YES;
				COPY_PHASE_STRIP = NO;
				DEBUG_INFORMATION_FORMAT = dwarf;
				DEVELOPMENT_TEAM = "";
				ENABLE_STRICT_OBJC_MSGSEND = YES;
				ENABLE_TESTABILITY = YES;
				GCC_C_LANGUAGE_STANDARD = gnu11;
				GCC_DYNAMIC_NO_PIC = NO;
				GCC_NO_COMMON_BLOCKS = YES;
				GCC_OPTIMIZATION_LEVEL = 0;
				GCC_PREPROCESSOR_DEFINITIONS = (
					"$(inherited)",
					"DEBUG=1",
				);
				GCC_WARN_64_TO_32_BIT_CONVERSION = YES;
				GCC_WARN_ABOUT_RETURN_TYPE = YES_ERROR;
				GCC_WARN_UNDECLARED_SELECTOR = YES;
				GCC_WARN_UNINITIALIZED_AUTOS = YES_AGGRESSIVE;
				GCC_WARN_UNUSED_FUNCTION = YES;
				GCC_WARN_UNUSED_VARIABLE = YES;
				IPHONEOS_DEPLOYMENT_TARGET = 17.0;
				MTL_ENABLE_DEBUG_INFO = INCLUDE_SOURCE;
				MTL_FAST_MATH = YES;
				ONLY_ACTIVE_ARCH = YES;
				PRODUCT_NAME = "$(TARGET_NAME)";
				SDKROOT = iphoneos;
				SWIFT_ACTIVE_COMPILATION_CONDITIONS = DEBUG;
				SWIFT_OPTIMIZATION_LEVEL = "-Onone";
				SWIFT_VERSION = 5.9;
			};
			name = Debug;
		};
		572C6987C4955231F7B38C3E /* Release */ = {
			isa = XCBuildConfiguration;
			buildSettings = {
				ASSETCATALOG_COMPILER_APPICON_NAME = AppIcon;
				CODE_SIGN_ENTITLEMENTS = SmartCard/SmartCard.entitlements;
				CODE_SIGN_IDENTITY = "iPhone Developer";
				CURRENT_PROJECT_VERSION = 1;
				GENERATE_INFOPLIST_FILE = YES;
				INFOPLIST_FILE = SmartCard/Info.plist;
				INFOPLIST_GENERATION_MODE = GeneratedFile;
				INFOPLIST_KEY_CFBundleDisplayName = SmartCard;
				INFOPLIST_KEY_LSApplicationCategoryType = "public.app-category.finance";
				INFOPLIST_KEY_NSCameraUsageDescription = "SmartCard uses the camera to scan receipts for quick transaction entry.";
				INFOPLIST_KEY_NSPhotoLibraryUsageDescription = "SmartCard accesses your photo library to import receipt images.";
				INFOPLIST_KEY_UIApplicationSceneManifest_Generation = YES;
				INFOPLIST_KEY_UIApplicationSupportsIndirectInputEvents = YES;
				INFOPLIST_KEY_UILaunchScreen_Generation = YES;
				INFOPLIST_KEY_UISupportedInterfaceOrientations_iPhone = UIInterfaceOrientationPortrait;
				LD_RUNPATH_SEARCH_PATHS = (
					"$(inherited)",
					"@executable_path/Frameworks",
				);
				MARKETING_VERSION = 1.0.0;
				PRODUCT_BUNDLE_IDENTIFIER = com.smartcard.app;
				SDKROOT = iphoneos;
				TARGETED_DEVICE_FAMILY = "1,2";
			};
			name = Release;
		};
		C9FEDA67A84A51A950D7D1E2 /* Release */ = {
			isa = XCBuildConfiguration;
			buildSettings = {
				ALWAYS_SEARCH_USER_PATHS = NO;
				CLANG_ANALYZER_NONNULL = YES;
				CLANG_ANALYZER_NUMBER_OBJECT_CONVERSION = YES_AGGRESSIVE;
				CLANG_CXX_LANGUAGE_STANDARD = "gnu++14";
				CLANG_CXX_LIBRARY = "libc++";
				CLANG_ENABLE_MODULES = YES;
				CLANG_ENABLE_OBJC_ARC = YES;
				CLANG_ENABLE_OBJC_WEAK = YES;
				CLANG_WARN_BLOCK_CAPTURE_AUTORELEASING = YES;
				CLANG_WARN_BOOL_CONVERSION = YES;
				CLANG_WARN_COMMA = YES;
				CLANG_WARN_CONSTANT_CONVERSION = YES;
				CLANG_WARN_DEPRECATED_OBJC_IMPLEMENTATIONS = YES;
				CLANG_WARN_DIRECT_OBJC_ISA_USAGE = YES_ERROR;
				CLANG_WARN_DOCUMENTATION_COMMENTS = YES;
				CLANG_WARN_EMPTY_BODY = YES;
				CLANG_WARN_ENUM_CONVERSION = YES;
				CLANG_WARN_INFINITE_RECURSION = YES;
				CLANG_WARN_INT_CONVERSION = YES;
				CLANG_WARN_NON_LITERAL_NULL_CONVERSION = YES;
				CLANG_WARN_OBJC_IMPLICIT_RETAIN_SELF = YES;
				CLANG_WARN_OBJC_LITERAL_CONVERSION = YES;
				CLANG_WARN_OBJC_ROOT_CLASS = YES_ERROR;
				CLANG_WARN_QUOTED_INCLUDE_IN_FRAMEWORK_HEADER = YES;
				CLANG_WARN_RANGE_LOOP_ANALYSIS = YES;
				CLANG_WARN_STRICT_PROTOTYPES = YES;
				CLANG_WARN_SUSPICIOUS_MOVE = YES;
				CLANG_WARN_UNGUARDED_AVAILABILITY = YES_AGGRESSIVE;
				CLANG_WARN_UNREACHABLE_CODE = YES;
				CLANG_WARN__DUPLICATE_METHOD_MATCH = YES;
				COPY_PHASE_STRIP = NO;
				DEBUG_INFORMATION_FORMAT = "dwarf-with-dsym";
				DEVELOPMENT_TEAM = "";
				ENABLE_NS_ASSERTIONS = NO;
				ENABLE_STRICT_OBJC_MSGSEND = YES;
				GCC_C_LANGUAGE_STANDARD = gnu11;
				GCC_NO_COMMON_BLOCKS = YES;
				GCC_WARN_64_TO_32_BIT_CONVERSION = YES;
				GCC_WARN_ABOUT_RETURN_TYPE = YES_ERROR;
				GCC_WARN_UNDECLARED_SELECTOR = YES;
				GCC_WARN_UNINITIALIZED_AUTOS = YES_AGGRESSIVE;
				GCC_WARN_UNUSED_FUNCTION = YES;
				GCC_WARN_UNUSED_VARIABLE = YES;
				IPHONEOS_DEPLOYMENT_TARGET = 17.0;
				MTL_ENABLE_DEBUG_INFO = NO;
				MTL_FAST_MATH = YES;
				PRODUCT_NAME = "$(TARGET_NAME)";
				SDKROOT = iphoneos;
				SWIFT_COMPILATION_MODE = wholemodule;
				SWIFT_OPTIMIZATION_LEVEL = "-O";
				SWIFT_VERSION = 5.9;
			};
			name = Release;
		};
/* End XCBuildConfiguration section */

/* Begin XCConfigurationList section */
		565377705734A822A7B9CD1A /* Build configuration list for PBXProject "SmartCard" */ = {
			isa = XCConfigurationList;
			buildConfigurations = (
				4ACCADCAA6762018456FA63C /* Debug */,
				C9FEDA67A84A51A950D7D1E2 /* Release */,
			);
			defaultConfigurationIsVisible = 0;
			defaultConfigurationName = Debug;
		};
		5EEF4FB01A9E22A2A91DBEDD /* Build configuration list for PBXNativeTarget "SmartCard" */ = {
			isa = XCConfigurationList;
			buildConfigurations = (
				4507F83D7A74437A60559BB4 /* Debug */,
				572C6987C4955231F7B38C3E /* Release */,
			);
			defaultConfigurationIsVisible = 0;
			defaultConfigurationName = Debug;
		};
		72D7CBEB3BCCDB719D4D1C04 /* Build configuration list for PBXNativeTarget "SmartCardTests" */ = {
			isa = XCConfigurationList;
			buildConfigurations = (
				263934A2D5D6C186A85F04C3 /* Debug */,
				2E75A2DBDDE847963D6E2875 /* Release */,
			);
			defaultConfigurationIsVisible = 0;
			defaultConfigurationName = Debug;
		};
/* End XCConfigurationList section */

/* Begin XCRemoteSwiftPackageReference section */
		1DAF090AE17C3878E33335E5 /* XCRemoteSwiftPackageReference "plaid-link-ios" */ = {
			isa = XCRemoteSwiftPackageReference;
			repositoryURL = "https://github.com/plaid/plaid-link-ios";
			requirement = {
				kind = upToNextMajorVersion;
				minimumVersion = 5.6.0;
			};
		};
		B310ABF9E0AEE59DBD36ACF3 /* XCRemoteSwiftPackageReference "firebase-ios-sdk" */ = {
			isa = XCRemoteSwiftPackageReference;
			repositoryURL = "https://github.com/firebase/firebase-ios-sdk";
			requirement = {
				kind = upToNextMajorVersion;
				minimumVersion = 11.0.0;
			};
		};
/* End XCRemoteSwiftPackageReference section */

/* Begin XCSwiftPackageProductDependency section */
		326A885767D2D9E8B8013E67 /* FirebaseAuth */ = {
			isa = XCSwiftPackageProductDependency;
			package = B310ABF9E0AEE59DBD36ACF3 /* XCRemoteSwiftPackageReference "firebase-ios-sdk" */;
			productName = FirebaseAuth;
		};
		E5D0D881F03EA7066DB5E21D /* LinkKit */ = {
			isa = XCSwiftPackageProductDependency;
			package = 1DAF090AE17C3878E33335E5 /* XCRemoteSwiftPackageReference "plaid-link-ios" */;
			productName = LinkKit;
		};
		E9623675D1ED01D5B7E28922 /* FirebaseFirestore */ = {
			isa = XCSwiftPackageProductDependency;
			package = B310ABF9E0AEE59DBD36ACF3 /* XCRemoteSwiftPackageReference "firebase-ios-sdk" */;
			productName = FirebaseFirestore;
		};
/* End XCSwiftPackageProductDependency section */
	};
	rootObject = 56581228AC194D0AA388D4F1 /* Project object */;
}
